{
  "version": 4,
  "terraform_version": "1.0.7",
  "serial": 205,
  "lineage": "abc1b4dd-6389-1ef6-8c76-10384a8de01b",
  "outputs": {},
  "resources": [
    {
      "mode": "managed",
      "type": "aws_autoscaling_policy",
      "name": "scale-in-policy",
      "provider": "provider[\"registry.terraform.io/hashicorp/aws\"]",
      "instances": [
        {
          "schema_version": 0,
          "attributes": {
            "adjustment_type": "ChangeInCapacity",
            "arn": "arn:aws:autoscaling:us-east-2:654676797716:scalingPolicy:4fc90e8a-15ec-4770-89cc-30dea0ed43df:autoScalingGroupName/demo-asg-20211005214923080600000001:policyName/scale-in-policy",
            "autoscaling_group_name": "demo-asg-20211005214923080600000001",
            "cooldown": 300,
            "estimated_instance_warmup": 0,
            "id": "scale-in-policy",
            "metric_aggregation_type": "",
            "min_adjustment_magnitude": null,
            "name": "scale-in-policy",
            "policy_type": "SimpleScaling",
            "predictive_scaling_configuration": [],
            "scaling_adjustment": -1,
            "step_adjustment": [],
            "target_tracking_configuration": []
          },
          "sensitive_attributes": [],
          "private": "bnVsbA==",
          "dependencies": [
            "module.vpc-demo.aws_vpc.this",
            "module.vpc-demo.aws_vpc_ipv4_cidr_block_association.this",
            "module.alb.aws_lb_target_group.main",
            "module.asg.aws_autoscaling_group.this",
            "module.asg.aws_launch_configuration.this",
            "module.asg.aws_launch_template.this",
            "module.asg.null_resource.tags_as_list_of_maps",
            "module.vpc-demo.aws_subnet.private"
          ]
        }
      ]
    },
    {
      "mode": "managed",
      "type": "aws_autoscaling_policy",
      "name": "scale-out-policy",
      "provider": "provider[\"registry.terraform.io/hashicorp/aws\"]",
      "instances": [
        {
          "schema_version": 0,
          "attributes": {
            "adjustment_type": "ChangeInCapacity",
            "arn": "arn:aws:autoscaling:us-east-2:654676797716:scalingPolicy:d011d525-72a8-4472-8db8-e1f8d7b0e2b9:autoScalingGroupName/demo-asg-20211005214923080600000001:policyName/scale-out-policy",
            "autoscaling_group_name": "demo-asg-20211005214923080600000001",
            "cooldown": 300,
            "estimated_instance_warmup": 0,
            "id": "scale-out-policy",
            "metric_aggregation_type": "",
            "min_adjustment_magnitude": null,
            "name": "scale-out-policy",
            "policy_type": "SimpleScaling",
            "predictive_scaling_configuration": [],
            "scaling_adjustment": 1,
            "step_adjustment": [],
            "target_tracking_configuration": []
          },
          "sensitive_attributes": [],
          "private": "bnVsbA==",
          "dependencies": [
            "module.vpc-demo.aws_subnet.private",
            "module.vpc-demo.aws_vpc.this",
            "module.vpc-demo.aws_vpc_ipv4_cidr_block_association.this",
            "module.alb.aws_lb_target_group.main",
            "module.asg.aws_autoscaling_group.this",
            "module.asg.aws_launch_configuration.this",
            "module.asg.aws_launch_template.this",
            "module.asg.null_resource.tags_as_list_of_maps"
          ]
        }
      ]
    },
    {
      "mode": "managed",
      "type": "aws_sns_topic",
      "name": "user_updates",
      "provider": "provider[\"registry.terraform.io/hashicorp/aws\"]",
      "instances": [
        {
          "schema_version": 0,
          "attributes": {
            "application_failure_feedback_role_arn": "",
            "application_success_feedback_role_arn": "",
            "application_success_feedback_sample_rate": null,
            "arn": "arn:aws:sns:us-east-2:654676797716:demo-updates",
            "content_based_deduplication": false,
            "delivery_policy": "",
            "display_name": "",
            "fifo_topic": false,
            "firehose_failure_feedback_role_arn": "",
            "firehose_success_feedback_role_arn": "",
            "firehose_success_feedback_sample_rate": null,
            "http_failure_feedback_role_arn": "",
            "http_success_feedback_role_arn": "",
            "http_success_feedback_sample_rate": null,
            "id": "arn:aws:sns:us-east-2:654676797716:demo-updates",
            "kms_master_key_id": "",
            "lambda_failure_feedback_role_arn": "",
            "lambda_success_feedback_role_arn": "",
            "lambda_success_feedback_sample_rate": null,
            "name": "demo-updates",
            "name_prefix": "",
            "owner": "654676797716",
            "policy": "{\"Version\":\"2008-10-17\",\"Id\":\"__default_policy_ID\",\"Statement\":[{\"Sid\":\"__default_statement_ID\",\"Effect\":\"Allow\",\"Principal\":{\"AWS\":\"*\"},\"Action\":[\"SNS:GetTopicAttributes\",\"SNS:SetTopicAttributes\",\"SNS:AddPermission\",\"SNS:RemovePermission\",\"SNS:DeleteTopic\",\"SNS:Subscribe\",\"SNS:ListSubscriptionsByTopic\",\"SNS:Publish\",\"SNS:Receive\"],\"Resource\":\"arn:aws:sns:us-east-2:654676797716:demo-updates\",\"Condition\":{\"StringEquals\":{\"AWS:SourceOwner\":\"654676797716\"}}}]}",
            "sqs_failure_feedback_role_arn": "",
            "sqs_success_feedback_role_arn": "",
            "sqs_success_feedback_sample_rate": null,
            "tags": {},
            "tags_all": {}
          },
          "sensitive_attributes": [],
          "private": "bnVsbA=="
        }
      ]
    },
    {
      "mode": "managed",
      "type": "aws_sns_topic_subscription",
      "name": "user_updates_sqs_target",
      "provider": "provider[\"registry.terraform.io/hashicorp/aws\"]",
      "instances": [
        {
          "schema_version": 0,
          "attributes": {
            "arn": "arn:aws:sns:us-east-2:654676797716:demo-updates:2dc182f1-1fc8-4cac-ad36-cb41627672de",
            "confirmation_timeout_in_minutes": 1,
            "confirmation_was_authenticated": false,
            "delivery_policy": "",
            "endpoint": "scopbly_213@hotmail.com",
            "endpoint_auto_confirms": false,
            "filter_policy": "",
            "id": "arn:aws:sns:us-east-2:654676797716:demo-updates:2dc182f1-1fc8-4cac-ad36-cb41627672de",
            "owner_id": "654676797716",
            "pending_confirmation": true,
            "protocol": "email",
            "raw_message_delivery": false,
            "redrive_policy": "",
            "subscription_role_arn": "",
            "topic_arn": "arn:aws:sns:us-east-2:654676797716:demo-updates"
          },
          "sensitive_attributes": [],
          "private": "bnVsbA==",
          "dependencies": [
            "aws_sns_topic.user_updates"
          ]
        }
      ]
    },
    {
      "mode": "managed",
      "type": "aws_sns_topic_subscription",
      "name": "user_updates_sqs_target_2",
      "provider": "provider[\"registry.terraform.io/hashicorp/aws\"]",
      "instances": [
        {
          "schema_version": 0,
          "attributes": {
            "arn": "arn:aws:sns:us-east-2:654676797716:demo-updates:d44d6716-e942-4365-885a-ef97296f3bfe",
            "confirmation_timeout_in_minutes": 1,
            "confirmation_was_authenticated": false,
            "delivery_policy": "",
            "endpoint": "mariost1995@hotmail.com",
            "endpoint_auto_confirms": false,
            "filter_policy": "",
            "id": "arn:aws:sns:us-east-2:654676797716:demo-updates:d44d6716-e942-4365-885a-ef97296f3bfe",
            "owner_id": "654676797716",
            "pending_confirmation": false,
            "protocol": "email",
            "raw_message_delivery": false,
            "redrive_policy": "",
            "subscription_role_arn": "",
            "topic_arn": "arn:aws:sns:us-east-2:654676797716:demo-updates"
          },
          "sensitive_attributes": [],
          "private": "bnVsbA==",
          "dependencies": [
            "aws_sns_topic.user_updates"
          ]
        }
      ]
    },
    {
      "module": "module.alb",
      "mode": "managed",
      "type": "aws_lb",
      "name": "this",
      "provider": "provider[\"registry.terraform.io/hashicorp/aws\"]",
      "instances": [
        {
          "index_key": 0,
          "schema_version": 0,
          "attributes": {
            "access_logs": [
              {
                "bucket": "",
                "enabled": false,
                "prefix": ""
              }
            ],
            "arn": "arn:aws:elasticloadbalancing:us-east-2:654676797716:loadbalancer/app/demo-load-balancer/dce8567b1a26c20c",
            "arn_suffix": "app/demo-load-balancer/dce8567b1a26c20c",
            "customer_owned_ipv4_pool": "",
            "dns_name": "demo-load-balancer-210667684.us-east-2.elb.amazonaws.com",
            "drop_invalid_header_fields": false,
            "enable_cross_zone_load_balancing": null,
            "enable_deletion_protection": false,
            "enable_http2": true,
            "id": "arn:aws:elasticloadbalancing:us-east-2:654676797716:loadbalancer/app/demo-load-balancer/dce8567b1a26c20c",
            "idle_timeout": 60,
            "internal": false,
            "ip_address_type": "ipv4",
            "load_balancer_type": "application",
            "name": "demo-load-balancer",
            "name_prefix": null,
            "security_groups": [
              "sg-0aeaf86769cecc1ed"
            ],
            "subnet_mapping": [
              {
                "allocation_id": "",
                "ipv6_address": "",
                "outpost_id": "",
                "private_ipv4_address": "",
                "subnet_id": "subnet-05b562933cb6dbcf8"
              },
              {
                "allocation_id": "",
                "ipv6_address": "",
                "outpost_id": "",
                "private_ipv4_address": "",
                "subnet_id": "subnet-0efe9134d6aba6c01"
              }
            ],
            "subnets": [
              "subnet-05b562933cb6dbcf8",
              "subnet-0efe9134d6aba6c01"
            ],
            "tags": {
              "Environment": "Test",
              "Name": "demo-load-balancer"
            },
            "tags_all": {
              "Environment": "Test",
              "Name": "demo-load-balancer"
            },
            "timeouts": {
              "create": "10m",
              "delete": "10m",
              "update": "10m"
            },
            "vpc_id": "vpc-04e15d7225ada96f5",
            "zone_id": "Z3AADJGX6KTTL2"
          },
          "sensitive_attributes": [],
          "private": "eyJlMmJmYjczMC1lY2FhLTExZTYtOGY4OC0zNDM2M2JjN2M0YzAiOnsiY3JlYXRlIjo2MDAwMDAwMDAwMDAsImRlbGV0ZSI6NjAwMDAwMDAwMDAwLCJ1cGRhdGUiOjYwMDAwMDAwMDAwMH19",
          "dependencies": [
            "module.lb_security_group.aws_security_group.this",
            "module.lb_security_group.aws_security_group.this_name_prefix",
            "module.vpc-demo.aws_subnet.public",
            "module.vpc-demo.aws_vpc.this",
            "module.vpc-demo.aws_vpc_ipv4_cidr_block_association.this"
          ]
        }
      ]
    },
    {
      "module": "module.alb",
      "mode": "managed",
      "type": "aws_lb_listener",
      "name": "frontend_http_tcp",
      "provider": "provider[\"registry.terraform.io/hashicorp/aws\"]",
      "instances": [
        {
          "index_key": 0,
          "schema_version": 0,
          "attributes": {
            "alpn_policy": null,
            "arn": "arn:aws:elasticloadbalancing:us-east-2:654676797716:listener/app/demo-load-balancer/dce8567b1a26c20c/e7ba61f3f742f23f",
            "certificate_arn": null,
            "default_action": [
              {
                "authenticate_cognito": [],
                "authenticate_oidc": [],
                "fixed_response": [],
                "forward": [],
                "order": 1,
                "redirect": [],
                "target_group_arn": "arn:aws:elasticloadbalancing:us-east-2:654676797716:targetgroup/demo-20211005054107241300000003/ef7fd05905266645",
                "type": "forward"
              }
            ],
            "id": "arn:aws:elasticloadbalancing:us-east-2:654676797716:listener/app/demo-load-balancer/dce8567b1a26c20c/e7ba61f3f742f23f",
            "load_balancer_arn": "arn:aws:elasticloadbalancing:us-east-2:654676797716:loadbalancer/app/demo-load-balancer/dce8567b1a26c20c",
            "port": 80,
            "protocol": "HTTP",
            "ssl_policy": "",
            "tags": {
              "Environment": "Test"
            },
            "tags_all": {
              "Environment": "Test"
            },
            "timeouts": null
          },
          "sensitive_attributes": [],
          "private": "eyJlMmJmYjczMC1lY2FhLTExZTYtOGY4OC0zNDM2M2JjN2M0YzAiOnsicmVhZCI6NjAwMDAwMDAwMDAwfX0=",
          "dependencies": [
            "module.vpc-demo.aws_subnet.public",
            "module.vpc-demo.aws_vpc.this",
            "module.vpc-demo.aws_vpc_ipv4_cidr_block_association.this",
            "module.alb.aws_lb.this",
            "module.alb.aws_lb_target_group.main",
            "module.lb_security_group.aws_security_group.this",
            "module.lb_security_group.aws_security_group.this_name_prefix"
          ]
        }
      ]
    },
    {
      "module": "module.alb",
      "mode": "managed",
      "type": "aws_lb_target_group",
      "name": "main",
      "provider": "provider[\"registry.terraform.io/hashicorp/aws\"]",
      "instances": [
        {
          "index_key": 0,
          "schema_version": 0,
          "attributes": {
            "arn": "arn:aws:elasticloadbalancing:us-east-2:654676797716:targetgroup/demo-20211005054107241300000003/ef7fd05905266645",
            "arn_suffix": "targetgroup/demo-20211005054107241300000003/ef7fd05905266645",
            "deregistration_delay": 300,
            "health_check": [
              {
                "enabled": true,
                "healthy_threshold": 5,
                "interval": 30,
                "matcher": "200",
                "path": "/",
                "port": "traffic-port",
                "protocol": "HTTP",
                "timeout": 5,
                "unhealthy_threshold": 2
              }
            ],
            "id": "arn:aws:elasticloadbalancing:us-east-2:654676797716:targetgroup/demo-20211005054107241300000003/ef7fd05905266645",
            "lambda_multi_value_headers_enabled": false,
            "load_balancing_algorithm_type": "round_robin",
            "name": "demo-20211005054107241300000003",
            "name_prefix": "demo-",
            "port": 80,
            "preserve_client_ip": null,
            "protocol": "HTTP",
            "protocol_version": "HTTP1",
            "proxy_protocol_v2": false,
            "slow_start": 0,
            "stickiness": [
              {
                "cookie_duration": 86400,
                "cookie_name": "",
                "enabled": false,
                "type": "lb_cookie"
              }
            ],
            "tags": {
              "Environment": "Test",
              "Name": "demo-"
            },
            "tags_all": {
              "Environment": "Test",
              "Name": "demo-"
            },
            "target_type": "instance",
            "vpc_id": "vpc-04e15d7225ada96f5"
          },
          "sensitive_attributes": [],
          "private": "bnVsbA==",
          "dependencies": [
            "module.vpc-demo.aws_vpc.this"
          ],
          "create_before_destroy": true
        }
      ]
    },
    {
      "module": "module.asg",
      "mode": "managed",
      "type": "aws_autoscaling_group",
      "name": "this",
      "provider": "provider[\"registry.terraform.io/hashicorp/aws\"]",
      "instances": [
        {
          "index_key": 0,
          "schema_version": 0,
          "attributes": {
            "arn": "arn:aws:autoscaling:us-east-2:654676797716:autoScalingGroup:4b25c349-48b4-411e-b39c-514119254e8c:autoScalingGroupName/demo-asg-20211005214923080600000001",
            "availability_zones": [
              "us-east-2a",
              "us-east-2b"
            ],
            "capacity_rebalance": false,
            "default_cooldown": 300,
            "desired_capacity": 2,
            "enabled_metrics": [],
            "force_delete": false,
            "force_delete_warm_pool": false,
            "health_check_grace_period": 300,
            "health_check_type": "EC2",
            "id": "demo-asg-20211005214923080600000001",
            "initial_lifecycle_hook": [],
            "instance_refresh": [
              {
                "preferences": [
                  {
                    "instance_warmup": "",
                    "min_healthy_percentage": 50
                  }
                ],
                "strategy": "Rolling",
                "triggers": [
                  "tag"
                ]
              }
            ],
            "launch_configuration": "",
            "launch_template": [
              {
                "id": "lt-0eb1fbddc40af9d10",
                "name": "demo-template-2-ultimate",
                "version": ""
              }
            ],
            "load_balancers": [],
            "max_instance_lifetime": 0,
            "max_size": 3,
            "metrics_granularity": "1Minute",
            "min_elb_capacity": null,
            "min_size": 2,
            "mixed_instances_policy": [],
            "name": "demo-asg-20211005214923080600000001",
            "name_prefix": "demo-asg-",
            "placement_group": "",
            "protect_from_scale_in": false,
            "service_linked_role_arn": "arn:aws:iam::654676797716:role/aws-service-role/autoscaling.amazonaws.com/AWSServiceRoleForAutoScaling",
            "suspended_processes": [],
            "tag": [],
            "tags": [
              {
                "key": "Name",
                "propagate_at_launch": "true",
                "value": "demo-asg"
              }
            ],
            "target_group_arns": [
              "arn:aws:elasticloadbalancing:us-east-2:654676797716:targetgroup/demo-20211005054107241300000003/ef7fd05905266645"
            ],
            "termination_policies": [],
            "timeouts": {
              "delete": null
            },
            "vpc_zone_identifier": [
              "subnet-02a063200731043ef",
              "subnet-07a4e736992d25f4d"
            ],
            "wait_for_capacity_timeout": "0",
            "wait_for_elb_capacity": null,
            "warm_pool": []
          },
          "sensitive_attributes": [],
          "private": "eyJlMmJmYjczMC1lY2FhLTExZTYtOGY4OC0zNDM2M2JjN2M0YzAiOnsiZGVsZXRlIjo2MDAwMDAwMDAwMDB9fQ==",
          "dependencies": [
            "module.alb.aws_lb_target_group.main",
            "module.asg.aws_launch_configuration.this",
            "module.asg.aws_launch_template.this",
            "module.asg.null_resource.tags_as_list_of_maps",
            "module.vpc-demo.aws_subnet.private",
            "module.vpc-demo.aws_vpc.this",
            "module.vpc-demo.aws_vpc_ipv4_cidr_block_association.this"
          ],
          "create_before_destroy": true
        }
      ]
    },
    {
      "module": "module.asg-db",
      "mode": "managed",
      "type": "aws_autoscaling_group",
      "name": "this",
      "provider": "provider[\"registry.terraform.io/hashicorp/aws\"]",
      "instances": [
        {
          "index_key": 0,
          "schema_version": 0,
          "attributes": {
            "arn": "arn:aws:autoscaling:us-east-2:654676797716:autoScalingGroup:a6447751-c01c-487c-85a2-123db6fe4091:autoScalingGroupName/demo-asg-20211006035537723600000001",
            "availability_zones": [
              "us-east-2a",
              "us-east-2b"
            ],
            "capacity_rebalance": false,
            "default_cooldown": 300,
            "desired_capacity": 2,
            "enabled_metrics": [],
            "force_delete": false,
            "force_delete_warm_pool": false,
            "health_check_grace_period": 300,
            "health_check_type": "EC2",
            "id": "demo-asg-20211006035537723600000001",
            "initial_lifecycle_hook": [],
            "instance_refresh": [
              {
                "preferences": [
                  {
                    "instance_warmup": "",
                    "min_healthy_percentage": 50
                  }
                ],
                "strategy": "Rolling",
                "triggers": [
                  "tag"
                ]
              }
            ],
            "launch_configuration": "",
            "launch_template": [
              {
                "id": "lt-0d3655f310d7200c6",
                "name": "db-template",
                "version": ""
              }
            ],
            "load_balancers": [],
            "max_instance_lifetime": 0,
            "max_size": 3,
            "metrics_granularity": "1Minute",
            "min_elb_capacity": null,
            "min_size": 2,
            "mixed_instances_policy": [],
            "name": "demo-asg-20211006035537723600000001",
            "name_prefix": "demo-asg-",
            "placement_group": "",
            "protect_from_scale_in": false,
            "service_linked_role_arn": "arn:aws:iam::654676797716:role/aws-service-role/autoscaling.amazonaws.com/AWSServiceRoleForAutoScaling",
            "suspended_processes": [],
            "tag": [],
            "tags": [
              {
                "key": "Name",
                "propagate_at_launch": "true",
                "value": "demo-asg"
              }
            ],
            "target_group_arns": [],
            "termination_policies": [],
            "timeouts": {
              "delete": null
            },
            "vpc_zone_identifier": [
              "subnet-06c3dd9dd1d06d12b",
              "subnet-0f6e551113061dac3"
            ],
            "wait_for_capacity_timeout": "0",
            "wait_for_elb_capacity": null,
            "warm_pool": []
          },
          "sensitive_attributes": [],
          "private": "eyJlMmJmYjczMC1lY2FhLTExZTYtOGY4OC0zNDM2M2JjN2M0YzAiOnsiZGVsZXRlIjo2MDAwMDAwMDAwMDB9fQ==",
          "dependencies": [
            "module.vpc-demo.aws_vpc.this",
            "module.vpc-demo.aws_vpc_ipv4_cidr_block_association.this",
            "module.asg-db.aws_launch_configuration.this",
            "module.asg-db.aws_launch_template.this",
            "module.asg-db.null_resource.tags_as_list_of_maps",
            "module.vpc-demo.aws_subnet.private"
          ],
          "create_before_destroy": true
        }
      ]
    },
    {
      "module": "module.lb_security_group",
      "mode": "managed",
      "type": "aws_security_group",
      "name": "this_name_prefix",
      "provider": "provider[\"registry.terraform.io/hashicorp/aws\"]",
      "instances": [
        {
          "index_key": 0,
          "schema_version": 1,
          "attributes": {
            "arn": "arn:aws:ec2:us-east-2:654676797716:security-group/sg-0aeaf86769cecc1ed",
            "description": "Security group for loadbalancer.",
            "egress": [
              {
                "cidr_blocks": [
                  "0.0.0.0/0"
                ],
                "description": "Egress Rule",
                "from_port": 0,
                "ipv6_cidr_blocks": [],
                "prefix_list_ids": [],
                "protocol": "-1",
                "security_groups": [],
                "self": false,
                "to_port": 0
              }
            ],
            "id": "sg-0aeaf86769cecc1ed",
            "ingress": [
              {
                "cidr_blocks": [
                  "0.0.0.0/0"
                ],
                "description": "Ingress Rule",
                "from_port": 80,
                "ipv6_cidr_blocks": [],
                "prefix_list_ids": [],
                "protocol": "tcp",
                "security_groups": [],
                "self": false,
                "to_port": 80
              }
            ],
            "name": "loadBalancer-demo-20211005054107241900000004",
            "name_prefix": "loadBalancer-demo-",
            "owner_id": "654676797716",
            "revoke_rules_on_delete": false,
            "tags": {
              "Environment": "dev",
              "Name": "loadBalancer-demo",
              "Terraform": "true"
            },
            "tags_all": {
              "Environment": "dev",
              "Name": "loadBalancer-demo",
              "Terraform": "true"
            },
            "timeouts": null,
            "vpc_id": "vpc-04e15d7225ada96f5"
          },
          "sensitive_attributes": [],
          "private": "eyJlMmJmYjczMC1lY2FhLTExZTYtOGY4OC0zNDM2M2JjN2M0YzAiOnsiY3JlYXRlIjo2MDAwMDAwMDAwMDAsImRlbGV0ZSI6OTAwMDAwMDAwMDAwfSwic2NoZW1hX3ZlcnNpb24iOiIxIn0=",
          "dependencies": [
            "module.vpc-demo.aws_vpc.this"
          ],
          "create_before_destroy": true
        }
      ]
    },
    {
      "module": "module.lb_security_group",
      "mode": "managed",
      "type": "aws_security_group_rule",
      "name": "egress_with_cidr_blocks",
      "provider": "provider[\"registry.terraform.io/hashicorp/aws\"]",
      "instances": [
        {
          "index_key": 0,
          "schema_version": 2,
          "attributes": {
            "cidr_blocks": [
              "0.0.0.0/0"
            ],
            "description": "Egress Rule",
            "from_port": 0,
            "id": "sgrule-186660513",
            "ipv6_cidr_blocks": [],
            "prefix_list_ids": [],
            "protocol": "-1",
            "security_group_id": "sg-0aeaf86769cecc1ed",
            "self": false,
            "source_security_group_id": null,
            "to_port": 0,
            "type": "egress"
          },
          "sensitive_attributes": [],
          "private": "eyJzY2hlbWFfdmVyc2lvbiI6IjIifQ==",
          "dependencies": [
            "module.lb_security_group.aws_security_group.this_name_prefix",
            "module.vpc-demo.aws_vpc.this",
            "module.lb_security_group.aws_security_group.this"
          ]
        }
      ]
    },
    {
      "module": "module.lb_security_group",
      "mode": "managed",
      "type": "aws_security_group_rule",
      "name": "ingress_with_cidr_blocks",
      "provider": "provider[\"registry.terraform.io/hashicorp/aws\"]",
      "instances": [
        {
          "index_key": 0,
          "schema_version": 2,
          "attributes": {
            "cidr_blocks": [
              "0.0.0.0/0"
            ],
            "description": "Ingress Rule",
            "from_port": 80,
            "id": "sgrule-652937062",
            "ipv6_cidr_blocks": [],
            "prefix_list_ids": [],
            "protocol": "tcp",
            "security_group_id": "sg-0aeaf86769cecc1ed",
            "self": false,
            "source_security_group_id": null,
            "to_port": 80,
            "type": "ingress"
          },
          "sensitive_attributes": [],
          "private": "eyJzY2hlbWFfdmVyc2lvbiI6IjIifQ==",
          "dependencies": [
            "module.vpc-demo.aws_vpc.this",
            "module.lb_security_group.aws_security_group.this",
            "module.lb_security_group.aws_security_group.this_name_prefix"
          ]
        }
      ]
    },
    {
      "module": "module.metric_alarm_scale_in",
      "mode": "managed",
      "type": "aws_cloudwatch_metric_alarm",
      "name": "this",
      "provider": "provider[\"registry.terraform.io/hashicorp/aws\"]",
      "instances": [
        {
          "index_key": 0,
          "schema_version": 1,
          "attributes": {
            "actions_enabled": true,
            "alarm_actions": [
              "arn:aws:autoscaling:us-east-2:654676797716:scalingPolicy:4fc90e8a-15ec-4770-89cc-30dea0ed43df:autoScalingGroupName/demo-asg-20211005214923080600000001:policyName/scale-in-policy",
              "arn:aws:sns:us-east-2:654676797716:demo-updates"
            ],
            "alarm_description": "Autoscaling alarm when Scaling-In",
            "alarm_name": "demo-scale-in",
            "arn": "arn:aws:cloudwatch:us-east-2:654676797716:alarm:demo-scale-in",
            "comparison_operator": "LessThanOrEqualToThreshold",
            "datapoints_to_alarm": 0,
            "dimensions": {},
            "evaluate_low_sample_count_percentiles": "",
            "evaluation_periods": 1,
            "extended_statistic": "",
            "id": "demo-scale-in",
            "insufficient_data_actions": [],
            "metric_name": "CPU Minimum",
            "metric_query": [],
            "namespace": "MyApplication",
            "ok_actions": [],
            "period": 60,
            "statistic": "Minimum",
            "tags": {},
            "tags_all": {},
            "threshold": 20,
            "threshold_metric_id": "",
            "treat_missing_data": "missing",
            "unit": "Count"
          },
          "sensitive_attributes": [],
          "private": "eyJzY2hlbWFfdmVyc2lvbiI6IjEifQ==",
          "dependencies": [
            "module.vpc-demo.aws_vpc_ipv4_cidr_block_association.this",
            "module.asg.aws_launch_configuration.this",
            "module.vpc-demo.aws_vpc.this",
            "module.alb.aws_lb_target_group.main",
            "module.asg.aws_autoscaling_group.this",
            "module.asg.aws_launch_template.this",
            "module.asg.null_resource.tags_as_list_of_maps",
            "module.vpc-demo.aws_subnet.private",
            "aws_autoscaling_policy.scale-in-policy",
            "aws_sns_topic.user_updates"
          ]
        }
      ]
    },
    {
      "module": "module.metric_alarm_scale_out",
      "mode": "managed",
      "type": "aws_cloudwatch_metric_alarm",
      "name": "this",
      "provider": "provider[\"registry.terraform.io/hashicorp/aws\"]",
      "instances": [
        {
          "index_key": 0,
          "schema_version": 1,
          "attributes": {
            "actions_enabled": true,
            "alarm_actions": [
              "arn:aws:autoscaling:us-east-2:654676797716:scalingPolicy:d011d525-72a8-4472-8db8-e1f8d7b0e2b9:autoScalingGroupName/demo-asg-20211005214923080600000001:policyName/scale-out-policy",
              "arn:aws:sns:us-east-2:654676797716:demo-updates"
            ],
            "alarm_description": "Scaling out alarm for scaling group ",
            "alarm_name": "demo-scale-out",
            "arn": "arn:aws:cloudwatch:us-east-2:654676797716:alarm:demo-scale-out",
            "comparison_operator": "GreaterThanOrEqualToThreshold",
            "datapoints_to_alarm": 0,
            "dimensions": {},
            "evaluate_low_sample_count_percentiles": "",
            "evaluation_periods": 1,
            "extended_statistic": "",
            "id": "demo-scale-out",
            "insufficient_data_actions": [],
            "metric_name": "CPU Maxout",
            "metric_query": [],
            "namespace": "MyApplication",
            "ok_actions": [],
            "period": 60,
            "statistic": "Maximum",
            "tags": {},
            "tags_all": {},
            "threshold": 70,
            "threshold_metric_id": "",
            "treat_missing_data": "missing",
            "unit": "Count"
          },
          "sensitive_attributes": [],
          "private": "eyJzY2hlbWFfdmVyc2lvbiI6IjEifQ==",
          "dependencies": [
            "aws_autoscaling_policy.scale-out-policy",
            "module.asg.aws_launch_template.this",
            "module.asg.null_resource.tags_as_list_of_maps",
            "module.vpc-demo.aws_vpc_ipv4_cidr_block_association.this",
            "aws_sns_topic.user_updates",
            "module.alb.aws_lb_target_group.main",
            "module.asg.aws_autoscaling_group.this",
            "module.asg.aws_launch_configuration.this",
            "module.vpc-demo.aws_subnet.private",
            "module.vpc-demo.aws_vpc.this"
          ]
        }
      ]
    },
    {
      "module": "module.security-group-app",
      "mode": "managed",
      "type": "aws_security_group",
      "name": "this_name_prefix",
      "provider": "provider[\"registry.terraform.io/hashicorp/aws\"]",
      "instances": [
        {
          "index_key": 0,
          "schema_version": 1,
          "attributes": {
            "arn": "arn:aws:ec2:us-east-2:654676797716:security-group/sg-0fbc46a7f4f00b4de",
            "description": "Security group for application-level instances.",
            "egress": [
              {
                "cidr_blocks": [
                  "0.0.0.0/0"
                ],
                "description": "Egress Rule",
                "from_port": 0,
                "ipv6_cidr_blocks": [],
                "prefix_list_ids": [],
                "protocol": "-1",
                "security_groups": [],
                "self": false,
                "to_port": 0
              }
            ],
            "id": "sg-0fbc46a7f4f00b4de",
            "ingress": [
              {
                "cidr_blocks": [],
                "description": "Ingress Rule",
                "from_port": 80,
                "ipv6_cidr_blocks": [],
                "prefix_list_ids": [],
                "protocol": "tcp",
                "security_groups": [
                  "sg-0aeaf86769cecc1ed"
                ],
                "self": false,
                "to_port": 80
              }
            ],
            "name": "demo_security_group_app-20211005054107237600000001",
            "name_prefix": "demo_security_group_app-",
            "owner_id": "654676797716",
            "revoke_rules_on_delete": false,
            "tags": {
              "Environment": "dev",
              "Name": "demo_security_group_app",
              "Terraform": "true"
            },
            "tags_all": {
              "Environment": "dev",
              "Name": "demo_security_group_app",
              "Terraform": "true"
            },
            "timeouts": null,
            "vpc_id": "vpc-04e15d7225ada96f5"
          },
          "sensitive_attributes": [],
          "private": "eyJlMmJmYjczMC1lY2FhLTExZTYtOGY4OC0zNDM2M2JjN2M0YzAiOnsiY3JlYXRlIjo2MDAwMDAwMDAwMDAsImRlbGV0ZSI6OTAwMDAwMDAwMDAwfSwic2NoZW1hX3ZlcnNpb24iOiIxIn0=",
          "dependencies": [
            "module.vpc-demo.aws_vpc.this"
          ],
          "create_before_destroy": true
        }
      ]
    },
    {
      "module": "module.security-group-app",
      "mode": "managed",
      "type": "aws_security_group_rule",
      "name": "computed_ingress_with_source_security_group_id",
      "provider": "provider[\"registry.terraform.io/hashicorp/aws\"]",
      "instances": [
        {
          "index_key": 0,
          "schema_version": 2,
          "attributes": {
            "cidr_blocks": [],
            "description": "Ingress Rule",
            "from_port": 80,
            "id": "sgrule-831274503",
            "ipv6_cidr_blocks": [],
            "prefix_list_ids": [],
            "protocol": "tcp",
            "security_group_id": "sg-0fbc46a7f4f00b4de",
            "self": false,
            "source_security_group_id": "sg-0aeaf86769cecc1ed",
            "to_port": 80,
            "type": "ingress"
          },
          "sensitive_attributes": [],
          "private": "eyJzY2hlbWFfdmVyc2lvbiI6IjIifQ==",
          "dependencies": [
            "module.lb_security_group.aws_security_group.this",
            "module.lb_security_group.aws_security_group.this_name_prefix",
            "module.security-group-app.aws_security_group.this",
            "module.security-group-app.aws_security_group.this_name_prefix",
            "module.vpc-demo.aws_vpc.this"
          ]
        }
      ]
    },
    {
      "module": "module.security-group-app",
      "mode": "managed",
      "type": "aws_security_group_rule",
      "name": "egress_with_cidr_blocks",
      "provider": "provider[\"registry.terraform.io/hashicorp/aws\"]",
      "instances": [
        {
          "index_key": 0,
          "schema_version": 2,
          "attributes": {
            "cidr_blocks": [
              "0.0.0.0/0"
            ],
            "description": "Egress Rule",
            "from_port": 0,
            "id": "sgrule-2351584606",
            "ipv6_cidr_blocks": [],
            "prefix_list_ids": [],
            "protocol": "-1",
            "security_group_id": "sg-0fbc46a7f4f00b4de",
            "self": false,
            "source_security_group_id": null,
            "to_port": 0,
            "type": "egress"
          },
          "sensitive_attributes": [],
          "private": "eyJzY2hlbWFfdmVyc2lvbiI6IjIifQ==",
          "dependencies": [
            "module.security-group-app.aws_security_group.this_name_prefix",
            "module.vpc-demo.aws_vpc.this",
            "module.security-group-app.aws_security_group.this"
          ]
        }
      ]
    },
    {
      "module": "module.security_group_db",
      "mode": "managed",
      "type": "aws_security_group",
      "name": "this_name_prefix",
      "provider": "provider[\"registry.terraform.io/hashicorp/aws\"]",
      "instances": [
        {
          "index_key": 0,
          "schema_version": 1,
          "attributes": {
            "arn": "arn:aws:ec2:us-east-2:654676797716:security-group/sg-04eee6d3820ace581",
            "description": "Security group for database-level instances.",
            "egress": [
              {
                "cidr_blocks": [
                  "0.0.0.0/0"
                ],
                "description": "Egress Rule",
                "from_port": 0,
                "ipv6_cidr_blocks": [],
                "prefix_list_ids": [],
                "protocol": "-1",
                "security_groups": [],
                "self": false,
                "to_port": 0
              }
            ],
            "id": "sg-04eee6d3820ace581",
            "ingress": [
              {
                "cidr_blocks": [],
                "description": "Ingress Rule",
                "from_port": 3306,
                "ipv6_cidr_blocks": [],
                "prefix_list_ids": [],
                "protocol": "tcp",
                "security_groups": [
                  "sg-0fbc46a7f4f00b4de"
                ],
                "self": false,
                "to_port": 3306
              }
            ],
            "name": "db-security-group-demo-20211005054107241000000002",
            "name_prefix": "db-security-group-demo-",
            "owner_id": "654676797716",
            "revoke_rules_on_delete": false,
            "tags": {
              "Environment": "dev",
              "Name": "db-security-group-demo",
              "Terraform": "true"
            },
            "tags_all": {
              "Environment": "dev",
              "Name": "db-security-group-demo",
              "Terraform": "true"
            },
            "timeouts": null,
            "vpc_id": "vpc-04e15d7225ada96f5"
          },
          "sensitive_attributes": [],
          "private": "eyJlMmJmYjczMC1lY2FhLTExZTYtOGY4OC0zNDM2M2JjN2M0YzAiOnsiY3JlYXRlIjo2MDAwMDAwMDAwMDAsImRlbGV0ZSI6OTAwMDAwMDAwMDAwfSwic2NoZW1hX3ZlcnNpb24iOiIxIn0=",
          "dependencies": [
            "module.vpc-demo.aws_vpc.this"
          ],
          "create_before_destroy": true
        }
      ]
    },
    {
      "module": "module.security_group_db",
      "mode": "managed",
      "type": "aws_security_group_rule",
      "name": "computed_ingress_with_source_security_group_id",
      "provider": "provider[\"registry.terraform.io/hashicorp/aws\"]",
      "instances": [
        {
          "index_key": 0,
          "schema_version": 2,
          "attributes": {
            "cidr_blocks": [],
            "description": "Ingress Rule",
            "from_port": 3306,
            "id": "sgrule-1583751692",
            "ipv6_cidr_blocks": [],
            "prefix_list_ids": [],
            "protocol": "tcp",
            "security_group_id": "sg-04eee6d3820ace581",
            "self": false,
            "source_security_group_id": "sg-0fbc46a7f4f00b4de",
            "to_port": 3306,
            "type": "ingress"
          },
          "sensitive_attributes": [],
          "private": "eyJzY2hlbWFfdmVyc2lvbiI6IjIifQ==",
          "dependencies": [
            "module.security-group-app.aws_security_group.this",
            "module.security-group-app.aws_security_group.this_name_prefix",
            "module.security_group_db.aws_security_group.this",
            "module.security_group_db.aws_security_group.this_name_prefix",
            "module.vpc-demo.aws_vpc.this"
          ]
        }
      ]
    },
    {
      "module": "module.security_group_db",
      "mode": "managed",
      "type": "aws_security_group_rule",
      "name": "egress_with_cidr_blocks",
      "provider": "provider[\"registry.terraform.io/hashicorp/aws\"]",
      "instances": [
        {
          "index_key": 0,
          "schema_version": 2,
          "attributes": {
            "cidr_blocks": [
              "0.0.0.0/0"
            ],
            "description": "Egress Rule",
            "from_port": 0,
            "id": "sgrule-2584976561",
            "ipv6_cidr_blocks": [],
            "prefix_list_ids": [],
            "protocol": "-1",
            "security_group_id": "sg-04eee6d3820ace581",
            "self": false,
            "source_security_group_id": null,
            "to_port": 0,
            "type": "egress"
          },
          "sensitive_attributes": [],
          "private": "eyJzY2hlbWFfdmVyc2lvbiI6IjIifQ==",
          "dependencies": [
            "module.security_group_db.aws_security_group.this",
            "module.security_group_db.aws_security_group.this_name_prefix",
            "module.vpc-demo.aws_vpc.this"
          ]
        }
      ]
    },
    {
      "module": "module.vpc-demo",
      "mode": "managed",
      "type": "aws_eip",
      "name": "nat",
      "provider": "provider[\"registry.terraform.io/hashicorp/aws\"]",
      "instances": [
        {
          "index_key": 0,
          "schema_version": 0,
          "attributes": {
            "address": null,
            "allocation_id": null,
            "associate_with_private_ip": null,
            "association_id": "eipassoc-031781427dc42e083",
            "carrier_ip": "",
            "customer_owned_ip": "",
            "customer_owned_ipv4_pool": "",
            "domain": "vpc",
            "id": "eipalloc-0e2556de1e087c586",
            "instance": "",
            "network_border_group": "us-east-2",
            "network_interface": "eni-0e068bfe36daac6ba",
            "private_dns": "ip-192-168-16-43.us-east-2.compute.internal",
            "private_ip": "192.168.16.43",
            "public_dns": "ec2-3-138-167-52.us-east-2.compute.amazonaws.com",
            "public_ip": "3.138.167.52",
            "public_ipv4_pool": "amazon",
            "tags": {
              "Environment": "dev",
              "Name": "vpc-demo-chila-us-east-2a",
              "Terraform": "true"
            },
            "tags_all": {
              "Environment": "dev",
              "Name": "vpc-demo-chila-us-east-2a",
              "Terraform": "true"
            },
            "timeouts": null,
            "vpc": true
          },
          "sensitive_attributes": [],
          "private": "eyJlMmJmYjczMC1lY2FhLTExZTYtOGY4OC0zNDM2M2JjN2M0YzAiOnsiZGVsZXRlIjoxODAwMDAwMDAwMDAsInJlYWQiOjkwMDAwMDAwMDAwMCwidXBkYXRlIjozMDAwMDAwMDAwMDB9fQ=="
        },
        {
          "index_key": 1,
          "schema_version": 0,
          "attributes": {
            "address": null,
            "allocation_id": null,
            "associate_with_private_ip": null,
            "association_id": "eipassoc-0c2c72bb81d86f21c",
            "carrier_ip": "",
            "customer_owned_ip": "",
            "customer_owned_ipv4_pool": "",
            "domain": "vpc",
            "id": "eipalloc-0b1e7d8d435fa6389",
            "instance": "",
            "network_border_group": "us-east-2",
            "network_interface": "eni-02be99ad8b21362f7",
            "private_dns": "ip-192-168-17-76.us-east-2.compute.internal",
            "private_ip": "192.168.17.76",
            "public_dns": "ec2-18-119-45-8.us-east-2.compute.amazonaws.com",
            "public_ip": "18.119.45.8",
            "public_ipv4_pool": "amazon",
            "tags": {
              "Environment": "dev",
              "Name": "vpc-demo-chila-us-east-2b",
              "Terraform": "true"
            },
            "tags_all": {
              "Environment": "dev",
              "Name": "vpc-demo-chila-us-east-2b",
              "Terraform": "true"
            },
            "timeouts": null,
            "vpc": true
          },
          "sensitive_attributes": [],
          "private": "eyJlMmJmYjczMC1lY2FhLTExZTYtOGY4OC0zNDM2M2JjN2M0YzAiOnsiZGVsZXRlIjoxODAwMDAwMDAwMDAsInJlYWQiOjkwMDAwMDAwMDAwMCwidXBkYXRlIjozMDAwMDAwMDAwMDB9fQ=="
        }
      ]
    },
    {
      "module": "module.vpc-demo",
      "mode": "managed",
      "type": "aws_internet_gateway",
      "name": "this",
      "provider": "provider[\"registry.terraform.io/hashicorp/aws\"]",
      "instances": [
        {
          "index_key": 0,
          "schema_version": 0,
          "attributes": {
            "arn": "arn:aws:ec2:us-east-2:654676797716:internet-gateway/igw-0a07da54cf719c99a",
            "id": "igw-0a07da54cf719c99a",
            "owner_id": "654676797716",
            "tags": {
              "Environment": "dev",
              "Name": "vpc-demo-chila",
              "Terraform": "true"
            },
            "tags_all": {
              "Environment": "dev",
              "Name": "vpc-demo-chila",
              "Terraform": "true"
            },
            "vpc_id": "vpc-04e15d7225ada96f5"
          },
          "sensitive_attributes": [],
          "private": "bnVsbA==",
          "dependencies": [
            "module.vpc-demo.aws_vpc.this",
            "module.vpc-demo.aws_vpc_ipv4_cidr_block_association.this"
          ]
        }
      ]
    },
    {
      "module": "module.vpc-demo",
      "mode": "managed",
      "type": "aws_nat_gateway",
      "name": "this",
      "provider": "provider[\"registry.terraform.io/hashicorp/aws\"]",
      "instances": [
        {
          "index_key": 0,
          "schema_version": 0,
          "attributes": {
            "allocation_id": "eipalloc-0e2556de1e087c586",
            "connectivity_type": "public",
            "id": "nat-021c4a8ef5d5dd5e2",
            "network_interface_id": "eni-0e068bfe36daac6ba",
            "private_ip": "192.168.16.43",
            "public_ip": "3.138.167.52",
            "subnet_id": "subnet-0efe9134d6aba6c01",
            "tags": {
              "Environment": "dev",
              "Name": "vpc-demo-chila-us-east-2a",
              "Terraform": "true"
            },
            "tags_all": {
              "Environment": "dev",
              "Name": "vpc-demo-chila-us-east-2a",
              "Terraform": "true"
            }
          },
          "sensitive_attributes": [],
          "private": "bnVsbA==",
          "dependencies": [
            "module.vpc-demo.aws_eip.nat",
            "module.vpc-demo.aws_internet_gateway.this",
            "module.vpc-demo.aws_subnet.public",
            "module.vpc-demo.aws_vpc.this",
            "module.vpc-demo.aws_vpc_ipv4_cidr_block_association.this"
          ]
        },
        {
          "index_key": 1,
          "schema_version": 0,
          "attributes": {
            "allocation_id": "eipalloc-0b1e7d8d435fa6389",
            "connectivity_type": "public",
            "id": "nat-0c13d307cc55bde34",
            "network_interface_id": "eni-02be99ad8b21362f7",
            "private_ip": "192.168.17.76",
            "public_ip": "18.119.45.8",
            "subnet_id": "subnet-05b562933cb6dbcf8",
            "tags": {
              "Environment": "dev",
              "Name": "vpc-demo-chila-us-east-2b",
              "Terraform": "true"
            },
            "tags_all": {
              "Environment": "dev",
              "Name": "vpc-demo-chila-us-east-2b",
              "Terraform": "true"
            }
          },
          "sensitive_attributes": [],
          "private": "bnVsbA==",
          "dependencies": [
            "module.vpc-demo.aws_vpc.this",
            "module.vpc-demo.aws_vpc_ipv4_cidr_block_association.this",
            "module.vpc-demo.aws_eip.nat",
            "module.vpc-demo.aws_internet_gateway.this",
            "module.vpc-demo.aws_subnet.public"
          ]
        }
      ]
    },
    {
      "module": "module.vpc-demo",
      "mode": "managed",
      "type": "aws_route",
      "name": "private_nat_gateway",
      "provider": "provider[\"registry.terraform.io/hashicorp/aws\"]",
      "instances": [
        {
          "index_key": 0,
          "schema_version": 0,
          "attributes": {
            "carrier_gateway_id": "",
            "destination_cidr_block": "0.0.0.0/0",
            "destination_ipv6_cidr_block": "",
            "destination_prefix_list_id": "",
            "egress_only_gateway_id": "",
            "gateway_id": "",
            "id": "r-rtb-0cc3e9728efe8cc201080289494",
            "instance_id": "",
            "instance_owner_id": "",
            "local_gateway_id": "",
            "nat_gateway_id": "nat-021c4a8ef5d5dd5e2",
            "network_interface_id": "",
            "origin": "CreateRoute",
            "route_table_id": "rtb-0cc3e9728efe8cc20",
            "state": "active",
            "timeouts": {
              "create": "5m",
              "delete": null
            },
            "transit_gateway_id": "",
            "vpc_endpoint_id": "",
            "vpc_peering_connection_id": ""
          },
          "sensitive_attributes": [],
          "private": "eyJlMmJmYjczMC1lY2FhLTExZTYtOGY4OC0zNDM2M2JjN2M0YzAiOnsiY3JlYXRlIjozMDAwMDAwMDAwMDAsImRlbGV0ZSI6MzAwMDAwMDAwMDAwfX0=",
          "dependencies": [
            "module.vpc-demo.aws_subnet.public",
            "module.vpc-demo.aws_vpc.this",
            "module.vpc-demo.aws_vpc_ipv4_cidr_block_association.this",
            "module.vpc-demo.aws_eip.nat",
            "module.vpc-demo.aws_internet_gateway.this",
            "module.vpc-demo.aws_nat_gateway.this",
            "module.vpc-demo.aws_route_table.private"
          ]
        },
        {
          "index_key": 1,
          "schema_version": 0,
          "attributes": {
            "carrier_gateway_id": "",
            "destination_cidr_block": "0.0.0.0/0",
            "destination_ipv6_cidr_block": "",
            "destination_prefix_list_id": "",
            "egress_only_gateway_id": "",
            "gateway_id": "",
            "id": "r-rtb-0e627fcd72d4ef2c71080289494",
            "instance_id": "",
            "instance_owner_id": "",
            "local_gateway_id": "",
            "nat_gateway_id": "nat-0c13d307cc55bde34",
            "network_interface_id": "",
            "origin": "CreateRoute",
            "route_table_id": "rtb-0e627fcd72d4ef2c7",
            "state": "active",
            "timeouts": {
              "create": "5m",
              "delete": null
            },
            "transit_gateway_id": "",
            "vpc_endpoint_id": "",
            "vpc_peering_connection_id": ""
          },
          "sensitive_attributes": [],
          "private": "eyJlMmJmYjczMC1lY2FhLTExZTYtOGY4OC0zNDM2M2JjN2M0YzAiOnsiY3JlYXRlIjozMDAwMDAwMDAwMDAsImRlbGV0ZSI6MzAwMDAwMDAwMDAwfX0=",
          "dependencies": [
            "module.vpc-demo.aws_eip.nat",
            "module.vpc-demo.aws_internet_gateway.this",
            "module.vpc-demo.aws_nat_gateway.this",
            "module.vpc-demo.aws_route_table.private",
            "module.vpc-demo.aws_subnet.public",
            "module.vpc-demo.aws_vpc.this",
            "module.vpc-demo.aws_vpc_ipv4_cidr_block_association.this"
          ]
        }
      ]
    },
    {
      "module": "module.vpc-demo",
      "mode": "managed",
      "type": "aws_route",
      "name": "public_internet_gateway",
      "provider": "provider[\"registry.terraform.io/hashicorp/aws\"]",
      "instances": [
        {
          "index_key": 0,
          "schema_version": 0,
          "attributes": {
            "carrier_gateway_id": "",
            "destination_cidr_block": "0.0.0.0/0",
            "destination_ipv6_cidr_block": "",
            "destination_prefix_list_id": "",
            "egress_only_gateway_id": "",
            "gateway_id": "igw-0a07da54cf719c99a",
            "id": "r-rtb-0f68eed0b541c58921080289494",
            "instance_id": "",
            "instance_owner_id": "",
            "local_gateway_id": "",
            "nat_gateway_id": "",
            "network_interface_id": "",
            "origin": "CreateRoute",
            "route_table_id": "rtb-0f68eed0b541c5892",
            "state": "active",
            "timeouts": {
              "create": "5m",
              "delete": null
            },
            "transit_gateway_id": "",
            "vpc_endpoint_id": "",
            "vpc_peering_connection_id": ""
          },
          "sensitive_attributes": [],
          "private": "eyJlMmJmYjczMC1lY2FhLTExZTYtOGY4OC0zNDM2M2JjN2M0YzAiOnsiY3JlYXRlIjozMDAwMDAwMDAwMDAsImRlbGV0ZSI6MzAwMDAwMDAwMDAwfX0=",
          "dependencies": [
            "module.vpc-demo.aws_internet_gateway.this",
            "module.vpc-demo.aws_route_table.public",
            "module.vpc-demo.aws_vpc.this",
            "module.vpc-demo.aws_vpc_ipv4_cidr_block_association.this"
          ]
        }
      ]
    },
    {
      "module": "module.vpc-demo",
      "mode": "managed",
      "type": "aws_route_table",
      "name": "private",
      "provider": "provider[\"registry.terraform.io/hashicorp/aws\"]",
      "instances": [
        {
          "index_key": 0,
          "schema_version": 0,
          "attributes": {
            "arn": "arn:aws:ec2:us-east-2:654676797716:route-table/rtb-0cc3e9728efe8cc20",
            "id": "rtb-0cc3e9728efe8cc20",
            "owner_id": "654676797716",
            "propagating_vgws": [],
            "route": [
              {
                "carrier_gateway_id": "",
                "cidr_block": "0.0.0.0/0",
                "destination_prefix_list_id": "",
                "egress_only_gateway_id": "",
                "gateway_id": "",
                "instance_id": "",
                "ipv6_cidr_block": "",
                "local_gateway_id": "",
                "nat_gateway_id": "nat-021c4a8ef5d5dd5e2",
                "network_interface_id": "",
                "transit_gateway_id": "",
                "vpc_endpoint_id": "",
                "vpc_peering_connection_id": ""
              }
            ],
            "tags": {
              "Environment": "dev",
              "Name": "vpc-demo-chila-private-us-east-2a",
              "Terraform": "true"
            },
            "tags_all": {
              "Environment": "dev",
              "Name": "vpc-demo-chila-private-us-east-2a",
              "Terraform": "true"
            },
            "vpc_id": "vpc-04e15d7225ada96f5"
          },
          "sensitive_attributes": [],
          "private": "bnVsbA==",
          "dependencies": [
            "module.vpc-demo.aws_vpc.this",
            "module.vpc-demo.aws_vpc_ipv4_cidr_block_association.this"
          ]
        },
        {
          "index_key": 1,
          "schema_version": 0,
          "attributes": {
            "arn": "arn:aws:ec2:us-east-2:654676797716:route-table/rtb-0e627fcd72d4ef2c7",
            "id": "rtb-0e627fcd72d4ef2c7",
            "owner_id": "654676797716",
            "propagating_vgws": [],
            "route": [
              {
                "carrier_gateway_id": "",
                "cidr_block": "0.0.0.0/0",
                "destination_prefix_list_id": "",
                "egress_only_gateway_id": "",
                "gateway_id": "",
                "instance_id": "",
                "ipv6_cidr_block": "",
                "local_gateway_id": "",
                "nat_gateway_id": "nat-0c13d307cc55bde34",
                "network_interface_id": "",
                "transit_gateway_id": "",
                "vpc_endpoint_id": "",
                "vpc_peering_connection_id": ""
              }
            ],
            "tags": {
              "Environment": "dev",
              "Name": "vpc-demo-chila-private-us-east-2b",
              "Terraform": "true"
            },
            "tags_all": {
              "Environment": "dev",
              "Name": "vpc-demo-chila-private-us-east-2b",
              "Terraform": "true"
            },
            "vpc_id": "vpc-04e15d7225ada96f5"
          },
          "sensitive_attributes": [],
          "private": "bnVsbA==",
          "dependencies": [
            "module.vpc-demo.aws_vpc.this",
            "module.vpc-demo.aws_vpc_ipv4_cidr_block_association.this"
          ]
        }
      ]
    },
    {
      "module": "module.vpc-demo",
      "mode": "managed",
      "type": "aws_route_table",
      "name": "public",
      "provider": "provider[\"registry.terraform.io/hashicorp/aws\"]",
      "instances": [
        {
          "index_key": 0,
          "schema_version": 0,
          "attributes": {
            "arn": "arn:aws:ec2:us-east-2:654676797716:route-table/rtb-0f68eed0b541c5892",
            "id": "rtb-0f68eed0b541c5892",
            "owner_id": "654676797716",
            "propagating_vgws": [],
            "route": [
              {
                "carrier_gateway_id": "",
                "cidr_block": "0.0.0.0/0",
                "destination_prefix_list_id": "",
                "egress_only_gateway_id": "",
                "gateway_id": "igw-0a07da54cf719c99a",
                "instance_id": "",
                "ipv6_cidr_block": "",
                "local_gateway_id": "",
                "nat_gateway_id": "",
                "network_interface_id": "",
                "transit_gateway_id": "",
                "vpc_endpoint_id": "",
                "vpc_peering_connection_id": ""
              }
            ],
            "tags": {
              "Environment": "dev",
              "Name": "vpc-demo-chila-public",
              "Terraform": "true"
            },
            "tags_all": {
              "Environment": "dev",
              "Name": "vpc-demo-chila-public",
              "Terraform": "true"
            },
            "vpc_id": "vpc-04e15d7225ada96f5"
          },
          "sensitive_attributes": [],
          "private": "bnVsbA==",
          "dependencies": [
            "module.vpc-demo.aws_vpc.this",
            "module.vpc-demo.aws_vpc_ipv4_cidr_block_association.this"
          ]
        }
      ]
    },
    {
      "module": "module.vpc-demo",
      "mode": "managed",
      "type": "aws_route_table_association",
      "name": "private",
      "provider": "provider[\"registry.terraform.io/hashicorp/aws\"]",
      "instances": [
        {
          "index_key": 0,
          "schema_version": 0,
          "attributes": {
            "gateway_id": "",
            "id": "rtbassoc-0addb82721148c400",
            "route_table_id": "rtb-0cc3e9728efe8cc20",
            "subnet_id": "subnet-02a063200731043ef"
          },
          "sensitive_attributes": [],
          "private": "bnVsbA==",
          "dependencies": [
            "module.vpc-demo.aws_route_table.private",
            "module.vpc-demo.aws_subnet.private",
            "module.vpc-demo.aws_vpc.this",
            "module.vpc-demo.aws_vpc_ipv4_cidr_block_association.this"
          ]
        },
        {
          "index_key": 1,
          "schema_version": 0,
          "attributes": {
            "gateway_id": "",
            "id": "rtbassoc-0ce02b0db68273bd8",
            "route_table_id": "rtb-0e627fcd72d4ef2c7",
            "subnet_id": "subnet-07a4e736992d25f4d"
          },
          "sensitive_attributes": [],
          "private": "bnVsbA==",
          "dependencies": [
            "module.vpc-demo.aws_vpc.this",
            "module.vpc-demo.aws_vpc_ipv4_cidr_block_association.this",
            "module.vpc-demo.aws_route_table.private",
            "module.vpc-demo.aws_subnet.private"
          ]
        },
        {
          "index_key": 2,
          "schema_version": 0,
          "attributes": {
            "gateway_id": "",
            "id": "rtbassoc-0ca14ae84eee7a44c",
            "route_table_id": "rtb-0cc3e9728efe8cc20",
            "subnet_id": "subnet-06c3dd9dd1d06d12b"
          },
          "sensitive_attributes": [],
          "private": "bnVsbA==",
          "dependencies": [
            "module.vpc-demo.aws_vpc.this",
            "module.vpc-demo.aws_vpc_ipv4_cidr_block_association.this",
            "module.vpc-demo.aws_route_table.private",
            "module.vpc-demo.aws_subnet.private"
          ]
        },
        {
          "index_key": 3,
          "schema_version": 0,
          "attributes": {
            "gateway_id": "",
            "id": "rtbassoc-07838624696fe602a",
            "route_table_id": "rtb-0e627fcd72d4ef2c7",
            "subnet_id": "subnet-0f6e551113061dac3"
          },
          "sensitive_attributes": [],
          "private": "bnVsbA==",
          "dependencies": [
            "module.vpc-demo.aws_route_table.private",
            "module.vpc-demo.aws_subnet.private",
            "module.vpc-demo.aws_vpc.this",
            "module.vpc-demo.aws_vpc_ipv4_cidr_block_association.this"
          ]
        }
      ]
    },
    {
      "module": "module.vpc-demo",
      "mode": "managed",
      "type": "aws_route_table_association",
      "name": "public",
      "provider": "provider[\"registry.terraform.io/hashicorp/aws\"]",
      "instances": [
        {
          "index_key": 0,
          "schema_version": 0,
          "attributes": {
            "gateway_id": "",
            "id": "rtbassoc-03cf66f0712764989",
            "route_table_id": "rtb-0f68eed0b541c5892",
            "subnet_id": "subnet-0efe9134d6aba6c01"
          },
          "sensitive_attributes": [],
          "private": "bnVsbA==",
          "dependencies": [
            "module.vpc-demo.aws_subnet.public",
            "module.vpc-demo.aws_vpc.this",
            "module.vpc-demo.aws_vpc_ipv4_cidr_block_association.this",
            "module.vpc-demo.aws_route_table.public"
          ]
        },
        {
          "index_key": 1,
          "schema_version": 0,
          "attributes": {
            "gateway_id": "",
            "id": "rtbassoc-08f8fdbef907a6f36",
            "route_table_id": "rtb-0f68eed0b541c5892",
            "subnet_id": "subnet-05b562933cb6dbcf8"
          },
          "sensitive_attributes": [],
          "private": "bnVsbA==",
          "dependencies": [
            "module.vpc-demo.aws_subnet.public",
            "module.vpc-demo.aws_vpc.this",
            "module.vpc-demo.aws_vpc_ipv4_cidr_block_association.this",
            "module.vpc-demo.aws_route_table.public"
          ]
        }
      ]
    },
    {
      "module": "module.vpc-demo",
      "mode": "managed",
      "type": "aws_subnet",
      "name": "private",
      "provider": "provider[\"registry.terraform.io/hashicorp/aws\"]",
      "instances": [
        {
          "index_key": 0,
          "schema_version": 1,
          "attributes": {
            "arn": "arn:aws:ec2:us-east-2:654676797716:subnet/subnet-02a063200731043ef",
            "assign_ipv6_address_on_creation": false,
            "availability_zone": "us-east-2a",
            "availability_zone_id": "use2-az1",
            "cidr_block": "192.168.5.0/24",
            "customer_owned_ipv4_pool": "",
            "id": "subnet-02a063200731043ef",
            "ipv6_cidr_block": "",
            "ipv6_cidr_block_association_id": "",
            "map_customer_owned_ip_on_launch": false,
            "map_public_ip_on_launch": false,
            "outpost_arn": "",
            "owner_id": "654676797716",
            "tags": {
              "Environment": "dev",
              "Name": "vpc-demo-chila-private-us-east-2a",
              "Terraform": "true"
            },
            "tags_all": {
              "Environment": "dev",
              "Name": "vpc-demo-chila-private-us-east-2a",
              "Terraform": "true"
            },
            "timeouts": null,
            "vpc_id": "vpc-04e15d7225ada96f5"
          },
          "sensitive_attributes": [],
          "private": "eyJlMmJmYjczMC1lY2FhLTExZTYtOGY4OC0zNDM2M2JjN2M0YzAiOnsiY3JlYXRlIjo2MDAwMDAwMDAwMDAsImRlbGV0ZSI6MTIwMDAwMDAwMDAwMH0sInNjaGVtYV92ZXJzaW9uIjoiMSJ9",
          "dependencies": [
            "module.vpc-demo.aws_vpc.this",
            "module.vpc-demo.aws_vpc_ipv4_cidr_block_association.this"
          ],
          "create_before_destroy": true
        },
        {
          "index_key": 1,
          "schema_version": 1,
          "attributes": {
            "arn": "arn:aws:ec2:us-east-2:654676797716:subnet/subnet-07a4e736992d25f4d",
            "assign_ipv6_address_on_creation": false,
            "availability_zone": "us-east-2b",
            "availability_zone_id": "use2-az2",
            "cidr_block": "192.168.6.0/24",
            "customer_owned_ipv4_pool": "",
            "id": "subnet-07a4e736992d25f4d",
            "ipv6_cidr_block": "",
            "ipv6_cidr_block_association_id": "",
            "map_customer_owned_ip_on_launch": false,
            "map_public_ip_on_launch": false,
            "outpost_arn": "",
            "owner_id": "654676797716",
            "tags": {
              "Environment": "dev",
              "Name": "vpc-demo-chila-private-us-east-2b",
              "Terraform": "true"
            },
            "tags_all": {
              "Environment": "dev",
              "Name": "vpc-demo-chila-private-us-east-2b",
              "Terraform": "true"
            },
            "timeouts": null,
            "vpc_id": "vpc-04e15d7225ada96f5"
          },
          "sensitive_attributes": [],
          "private": "eyJlMmJmYjczMC1lY2FhLTExZTYtOGY4OC0zNDM2M2JjN2M0YzAiOnsiY3JlYXRlIjo2MDAwMDAwMDAwMDAsImRlbGV0ZSI6MTIwMDAwMDAwMDAwMH0sInNjaGVtYV92ZXJzaW9uIjoiMSJ9",
          "dependencies": [
            "module.vpc-demo.aws_vpc.this",
            "module.vpc-demo.aws_vpc_ipv4_cidr_block_association.this"
          ],
          "create_before_destroy": true
        },
        {
          "index_key": 2,
          "schema_version": 1,
          "attributes": {
            "arn": "arn:aws:ec2:us-east-2:654676797716:subnet/subnet-06c3dd9dd1d06d12b",
            "assign_ipv6_address_on_creation": false,
            "availability_zone": "us-east-2a",
            "availability_zone_id": "use2-az1",
            "cidr_block": "192.168.7.0/24",
            "customer_owned_ipv4_pool": "",
            "id": "subnet-06c3dd9dd1d06d12b",
            "ipv6_cidr_block": "",
            "ipv6_cidr_block_association_id": "",
            "map_customer_owned_ip_on_launch": false,
            "map_public_ip_on_launch": false,
            "outpost_arn": "",
            "owner_id": "654676797716",
            "tags": {
              "Environment": "dev",
              "Name": "vpc-demo-chila-private-us-east-2a",
              "Terraform": "true"
            },
            "tags_all": {
              "Environment": "dev",
              "Name": "vpc-demo-chila-private-us-east-2a",
              "Terraform": "true"
            },
            "timeouts": null,
            "vpc_id": "vpc-04e15d7225ada96f5"
          },
          "sensitive_attributes": [],
          "private": "eyJlMmJmYjczMC1lY2FhLTExZTYtOGY4OC0zNDM2M2JjN2M0YzAiOnsiY3JlYXRlIjo2MDAwMDAwMDAwMDAsImRlbGV0ZSI6MTIwMDAwMDAwMDAwMH0sInNjaGVtYV92ZXJzaW9uIjoiMSJ9",
          "dependencies": [
            "module.vpc-demo.aws_vpc.this",
            "module.vpc-demo.aws_vpc_ipv4_cidr_block_association.this"
          ],
          "create_before_destroy": true
        },
        {
          "index_key": 3,
          "schema_version": 1,
          "attributes": {
            "arn": "arn:aws:ec2:us-east-2:654676797716:subnet/subnet-0f6e551113061dac3",
            "assign_ipv6_address_on_creation": false,
            "availability_zone": "us-east-2b",
            "availability_zone_id": "use2-az2",
            "cidr_block": "192.168.8.0/24",
            "customer_owned_ipv4_pool": "",
            "id": "subnet-0f6e551113061dac3",
            "ipv6_cidr_block": "",
            "ipv6_cidr_block_association_id": "",
            "map_customer_owned_ip_on_launch": false,
            "map_public_ip_on_launch": false,
            "outpost_arn": "",
            "owner_id": "654676797716",
            "tags": {
              "Environment": "dev",
              "Name": "vpc-demo-chila-private-us-east-2b",
              "Terraform": "true"
            },
            "tags_all": {
              "Environment": "dev",
              "Name": "vpc-demo-chila-private-us-east-2b",
              "Terraform": "true"
            },
            "timeouts": null,
            "vpc_id": "vpc-04e15d7225ada96f5"
          },
          "sensitive_attributes": [],
          "private": "eyJlMmJmYjczMC1lY2FhLTExZTYtOGY4OC0zNDM2M2JjN2M0YzAiOnsiY3JlYXRlIjo2MDAwMDAwMDAwMDAsImRlbGV0ZSI6MTIwMDAwMDAwMDAwMH0sInNjaGVtYV92ZXJzaW9uIjoiMSJ9",
          "dependencies": [
            "module.vpc-demo.aws_vpc.this",
            "module.vpc-demo.aws_vpc_ipv4_cidr_block_association.this"
          ],
          "create_before_destroy": true
        }
      ]
    },
    {
      "module": "module.vpc-demo",
      "mode": "managed",
      "type": "aws_subnet",
      "name": "public",
      "provider": "provider[\"registry.terraform.io/hashicorp/aws\"]",
      "instances": [
        {
          "index_key": 0,
          "schema_version": 1,
          "attributes": {
            "arn": "arn:aws:ec2:us-east-2:654676797716:subnet/subnet-0efe9134d6aba6c01",
            "assign_ipv6_address_on_creation": false,
            "availability_zone": "us-east-2a",
            "availability_zone_id": "use2-az1",
            "cidr_block": "192.168.16.0/24",
            "customer_owned_ipv4_pool": "",
            "id": "subnet-0efe9134d6aba6c01",
            "ipv6_cidr_block": "",
            "ipv6_cidr_block_association_id": "",
            "map_customer_owned_ip_on_launch": false,
            "map_public_ip_on_launch": true,
            "outpost_arn": "",
            "owner_id": "654676797716",
            "tags": {
              "Environment": "dev",
              "Name": "vpc-demo-chila-public-us-east-2a",
              "Terraform": "true"
            },
            "tags_all": {
              "Environment": "dev",
              "Name": "vpc-demo-chila-public-us-east-2a",
              "Terraform": "true"
            },
            "timeouts": null,
            "vpc_id": "vpc-04e15d7225ada96f5"
          },
          "sensitive_attributes": [],
          "private": "eyJlMmJmYjczMC1lY2FhLTExZTYtOGY4OC0zNDM2M2JjN2M0YzAiOnsiY3JlYXRlIjo2MDAwMDAwMDAwMDAsImRlbGV0ZSI6MTIwMDAwMDAwMDAwMH0sInNjaGVtYV92ZXJzaW9uIjoiMSJ9",
          "dependencies": [
            "module.vpc-demo.aws_vpc.this",
            "module.vpc-demo.aws_vpc_ipv4_cidr_block_association.this"
          ]
        },
        {
          "index_key": 1,
          "schema_version": 1,
          "attributes": {
            "arn": "arn:aws:ec2:us-east-2:654676797716:subnet/subnet-05b562933cb6dbcf8",
            "assign_ipv6_address_on_creation": false,
            "availability_zone": "us-east-2b",
            "availability_zone_id": "use2-az2",
            "cidr_block": "192.168.17.0/24",
            "customer_owned_ipv4_pool": "",
            "id": "subnet-05b562933cb6dbcf8",
            "ipv6_cidr_block": "",
            "ipv6_cidr_block_association_id": "",
            "map_customer_owned_ip_on_launch": false,
            "map_public_ip_on_launch": true,
            "outpost_arn": "",
            "owner_id": "654676797716",
            "tags": {
              "Environment": "dev",
              "Name": "vpc-demo-chila-public-us-east-2b",
              "Terraform": "true"
            },
            "tags_all": {
              "Environment": "dev",
              "Name": "vpc-demo-chila-public-us-east-2b",
              "Terraform": "true"
            },
            "timeouts": null,
            "vpc_id": "vpc-04e15d7225ada96f5"
          },
          "sensitive_attributes": [],
          "private": "eyJlMmJmYjczMC1lY2FhLTExZTYtOGY4OC0zNDM2M2JjN2M0YzAiOnsiY3JlYXRlIjo2MDAwMDAwMDAwMDAsImRlbGV0ZSI6MTIwMDAwMDAwMDAwMH0sInNjaGVtYV92ZXJzaW9uIjoiMSJ9",
          "dependencies": [
            "module.vpc-demo.aws_vpc.this",
            "module.vpc-demo.aws_vpc_ipv4_cidr_block_association.this"
          ]
        }
      ]
    },
    {
      "module": "module.vpc-demo",
      "mode": "managed",
      "type": "aws_vpc",
      "name": "this",
      "provider": "provider[\"registry.terraform.io/hashicorp/aws\"]",
      "instances": [
        {
          "index_key": 0,
          "schema_version": 1,
          "attributes": {
            "arn": "arn:aws:ec2:us-east-2:654676797716:vpc/vpc-04e15d7225ada96f5",
            "assign_generated_ipv6_cidr_block": false,
            "cidr_block": "192.168.0.0/16",
            "default_network_acl_id": "acl-063747453beac5cc2",
            "default_route_table_id": "rtb-06a9b7371112bec6d",
            "default_security_group_id": "sg-0e5866742b56b3f68",
            "dhcp_options_id": "dopt-7196d61a",
            "enable_classiclink": null,
            "enable_classiclink_dns_support": null,
            "enable_dns_hostnames": false,
            "enable_dns_support": true,
            "id": "vpc-04e15d7225ada96f5",
            "instance_tenancy": "default",
            "ipv6_association_id": "",
            "ipv6_cidr_block": "",
            "main_route_table_id": "rtb-06a9b7371112bec6d",
            "owner_id": "654676797716",
            "tags": {
              "Environment": "dev",
              "Name": "vpc-demo-chila",
              "Terraform": "true"
            },
            "tags_all": {
              "Environment": "dev",
              "Name": "vpc-demo-chila",
              "Terraform": "true"
            }
          },
          "sensitive_attributes": [],
          "private": "eyJzY2hlbWFfdmVyc2lvbiI6IjEifQ==",
          "create_before_destroy": true
        }
      ]
    },
    {
      "module": "module.vpc-demo",
      "mode": "managed",
      "type": "aws_vpn_gateway",
      "name": "this",
      "provider": "provider[\"registry.terraform.io/hashicorp/aws\"]",
      "instances": [
        {
          "index_key": 0,
          "schema_version": 0,
          "attributes": {
            "amazon_side_asn": "64512",
            "arn": "arn:aws:ec2:us-east-2:654676797716:vpn-gateway/vgw-0400c6bdd4b91421f",
            "availability_zone": null,
            "id": "vgw-0400c6bdd4b91421f",
            "tags": {
              "Environment": "dev",
              "Name": "vpc-demo-chila",
              "Terraform": "true"
            },
            "tags_all": {
              "Environment": "dev",
              "Name": "vpc-demo-chila",
              "Terraform": "true"
            },
            "vpc_id": "vpc-04e15d7225ada96f5"
          },
          "sensitive_attributes": [],
          "private": "bnVsbA==",
          "dependencies": [
            "module.vpc-demo.aws_vpc.this",
            "module.vpc-demo.aws_vpc_ipv4_cidr_block_association.this"
          ]
        }
      ]
    }
  ]
}
